
Microsoft Visual Studio Solution File, Format Version 12.00
# Visual Studio Version 16
VisualStudioVersion = 16.0.30011.22
MinimumVisualStudioVersion = 10.0.40219.1
Project("{2150E333-8FDC-42A3-9474-1A3956D46DE8}") = "Usermode", "Usermode", "{BBF4C8A4-35D2-4A57-9B2B-2FB970DC24FD}"
EndProject
Project("{2150E333-8FDC-42A3-9474-1A3956D46DE8}") = "KernelMode", "KernelMode", "{3C8CB0DB-C9A9-4EA7-9C3C-B0E9C59305E6}"
EndProject
Project("{8BC9CEB8-8B4A-11D0-8D11-00A0C91BC942}") = "KMDF Driver1", "KMDF Driver1\KMDF Driver1.vcxproj", "{128CEEF3-BBFF-4A59-8D99-8A691259BFFF}"
EndProject
Project("{8BC9CEB8-8B4A-11D0-8D11-00A0C91BC942}") = "UserMode", "UserMode\UserMode.vcxproj", "{9BCD6670-0B7D-4FE5-AD1D-EED920D9B0AF}"
EndProject
Global
	GlobalSection(SolutionConfigurationPlatforms) = preSolution
		Debug|ARM = Debug|ARM
		Debug|ARM64 = Debug|ARM64
		Debug|x64 = Debug|x64
		Debug|x86 = Debug|x86
		Release|ARM = Release|ARM
		Release|ARM64 = Release|ARM64
		Release|x64 = Release|x64
		Release|x86 = Release|x86
	EndGlobalSection
	GlobalSection(ProjectConfigurationPlatforms) = postSolution
		{128CEEF3-BBFF-4A59-8D99-8A691259BFFF}.Debug|ARM.ActiveCfg = Debug|ARM
		{128CEEF3-BBFF-4A59-8D99-8A691259BFFF}.Debug|ARM.Build.0 = Debug|ARM
		{128CEEF3-BBFF-4A59-8D99-8A691259BFFF}.Debug|ARM.Deploy.0 = Debug|ARM
		{128CEEF3-BBFF-4A59-8D99-8A691259BFFF}.Debug|ARM64.ActiveCfg = Debug|ARM64
		{128CEEF3-BBFF-4A59-8D99-8A691259BFFF}.Debug|ARM64.Build.0 = Debug|ARM64
		{128CEEF3-BBFF-4A59-8D99-8A691259BFFF}.Debug|ARM64.Deploy.0 = Debug|ARM64
		{128CEEF3-BBFF-4A59-8D99-8A691259BFFF}.Debug|x64.ActiveCfg = Debug|x64
		{128CEEF3-BBFF-4A59-8D99-8A691259BFFF}.Debug|x64.Build.0 = Debug|x64
		{128CEEF3-BBFF-4A59-8D99-8A691259BFFF}.Debug|x64.Deploy.0 = Debug|x64
		{128CEEF3-BBFF-4A59-8D99-8A691259BFFF}.Debug|x86.ActiveCfg = Debug|Win32
		{128CEEF3-BBFF-4A59-8D99-8A691259BFFF}.Debug|x86.Build.0 = Debug|Win32
		{128CEEF3-BBFF-4A59-8D99-8A691259BFFF}.Debug|x86.Deploy.0 = Debug|Win32
		{128CEEF3-BBFF-4A59-8D99-8A691259BFFF}.Release|ARM.ActiveCfg = Release|ARM
		{128CEEF3-BBFF-4A59-8D99-8A691259BFFF}.Release|ARM.Build.0 = Release|ARM
		{128CEEF3-BBFF-4A59-8D99-8A691259BFFF}.Release|ARM.Deploy.0 = Release|ARM
		{128CEEF3-BBFF-4A59-8D99-8A691259BFFF}.Release|ARM64.ActiveCfg = Release|ARM64
		{128CEEF3-BBFF-4A59-8D99-8A691259BFFF}.Release|ARM64.Build.0 = Release|ARM64
		{128CEEF3-BBFF-4A59-8D99-8A691259BFFF}.Release|ARM64.Deploy.0 = Release|ARM64
		{128CEEF3-BBFF-4A59-8D99-8A691259BFFF}.Release|x64.ActiveCfg = Release|x64
		{128CEEF3-BBFF-4A59-8D99-8A691259BFFF}.Release|x64.Build.0 = Release|x64
		{128CEEF3-BBFF-4A59-8D99-8A691259BFFF}.Release|x64.Deploy.0 = Release|x64
		{128CEEF3-BBFF-4A59-8D99-8A691259BFFF}.Release|x86.ActiveCfg = Release|Win32
		{128CEEF3-BBFF-4A59-8D99-8A691259BFFF}.Release|x86.Build.0 = Release|Win32
		{128CEEF3-BBFF-4A59-8D99-8A691259BFFF}.Release|x86.Deploy.0 = Release|Win32
		{9BCD6670-0B7D-4FE5-AD1D-EED920D9B0AF}.Debug|ARM.ActiveCfg = Debug|Win32
		{9BCD6670-0B7D-4FE5-AD1D-EED920D9B0AF}.Debug|ARM64.ActiveCfg = Debug|Win32
		{9BCD6670-0B7D-4FE5-AD1D-EED920D9B0AF}.Debug|x64.ActiveCfg = Debug|x64
		{9BCD6670-0B7D-4FE5-AD1D-EED920D9B0AF}.Debug|x64.Build.0 = Debug|x64
		{9BCD6670-0B7D-4FE5-AD1D-EED920D9B0AF}.Debug|x86.ActiveCfg = Debug|Win32
		{9BCD6670-0B7D-4FE5-AD1D-EED920D9B0AF}.Debug|x86.Build.0 = Debug|Win32
		{9BCD6670-0B7D-4FE5-AD1D-EED920D9B0AF}.Release|ARM.ActiveCfg = Release|Win32
		{9BCD6670-0B7D-4FE5-AD1D-EED920D9B0AF}.Release|ARM64.ActiveCfg = Release|Win32
		{9BCD6670-0B7D-4FE5-AD1D-EED920D9B0AF}.Release|x64.ActiveCfg = Release|x64
		{9BCD6670-0B7D-4FE5-AD1D-EED920D9B0AF}.Release|x64.Build.0 = Release|x64
		{9BCD6670-0B7D-4FE5-AD1D-EED920D9B0AF}.Release|x86.ActiveCfg = Release|Win32
		{9BCD6670-0B7D-4FE5-AD1D-EED920D9B0AF}.Release|x86.Build.0 = Release|Win32
	EndGlobalSection
	GlobalSection(SolutionProperties) = preSolution
		HideSolutionNode = FALSE
	EndGlobalSection
	GlobalSection(NestedProjects) = preSolution
		{128CEEF3-BBFF-4A59-8D99-8A691259BFFF} = {3C8CB0DB-C9A9-4EA7-9C3C-B0E9C59305E6}
		{9BCD6670-0B7D-4FE5-AD1D-EED920D9B0AF} = {BBF4C8A4-35D2-4A57-9B2B-2FB970DC24FD}
	EndGlobalSection
	GlobalSection(ExtensibilityGlobals) = postSolution
		SolutionGuid = {DFF57FE9-8E1E-4CA7-B867-26369BFAA64F}
	EndGlobalSection
EndGlobal
